
Microsoft Visual Studio Solution File, Format Version 12.00
# Visual Studio 2012
Project("{FAE04EC0-301F-11D3-BF4B-00C04F79EFBC}") = "PayrolleeMate", "PayrolleeMate\PayrolleeMate.csproj", "{019DB6C3-22E4-4595-9BF3-7F40397B427D}"
EndProject
Project("{FAE04EC0-301F-11D3-BF4B-00C04F79EFBC}") = "PayrolleeMate.Common", "Payrollee.Common\PayrolleeMate.Common.csproj", "{075817F0-6776-46E6-BF92-C5D0D5E16756}"
EndProject
Project("{FAE04EC0-301F-11D3-BF4B-00C04F79EFBC}") = "Tests.Common", "Tests.Common\Tests.Common.csproj", "{DF4033F9-6BC0-49FE-B6B3-EAE498F4624F}"
EndProject
Project("{FAE04EC0-301F-11D3-BF4B-00C04F79EFBC}") = "PayrolleeMate.EngineService", "PayrolleeMate.EngineService\PayrolleeMate.EngineService.csproj", "{39AD919F-8AC7-4FE3-8B15-534D42018C7B}"
EndProject
Project("{FAE04EC0-301F-11D3-BF4B-00C04F79EFBC}") = "Tests.EngineService", "Tests.EngineService\Tests.EngineService.csproj", "{0D1DAC7B-2DEF-439B-9FF0-2E6011F66193}"
EndProject
Project("{FAE04EC0-301F-11D3-BF4B-00C04F79EFBC}") = "PayrolleeMate.Interfaces", "PayrolleeMate.Interfaces\PayrolleeMate.Interfaces.csproj", "{9CFB5FE8-EE1B-4AD0-88D7-31F012FD78E3}"
EndProject
Project("{FAE04EC0-301F-11D3-BF4B-00C04F79EFBC}") = "PayrolleeMate.ProcessService", "PayrolleeMate.ProcessService\PayrolleeMate.ProcessService.csproj", "{59EF58E7-7624-4E21-AAF6-C6FE10C6BA2D}"
EndProject
Project("{FAE04EC0-301F-11D3-BF4B-00C04F79EFBC}") = "Tests.ProcessService", "Tests.ProcessService\Tests.ProcessService.csproj", "{CDC75069-5EB1-4B99-9147-4541A8066131}"
EndProject
Project("{FAE04EC0-301F-11D3-BF4B-00C04F79EFBC}") = "Tests.ProcessConfig", "Tests.ProcessConfig\Tests.ProcessConfig.csproj", "{37A024ED-20F4-48B1-8437-7EB7E362333F}"
EndProject
Project("{FAE04EC0-301F-11D3-BF4B-00C04F79EFBC}") = "PayrolleeMate.ProcessConfigSetCz", "PayrolleeMate.ConfigSetCz\PayrolleeMate.ProcessConfigSetCz.csproj", "{8F4198AC-173B-4371-B547-EF1E0B6C9C79}"
EndProject
Project("{FAE04EC0-301F-11D3-BF4B-00C04F79EFBC}") = "PayrolleeMate.ProcessConfig", "PayrolleeMate.ProcessConfig\PayrolleeMate.ProcessConfig.csproj", "{F91E4B02-352C-41F2-AAFF-E3B956EB8805}"
EndProject
Global
	GlobalSection(SolutionConfigurationPlatforms) = preSolution
		Debug|Any CPU = Debug|Any CPU
		Release|Any CPU = Release|Any CPU
	EndGlobalSection
	GlobalSection(ProjectConfigurationPlatforms) = postSolution
		{019DB6C3-22E4-4595-9BF3-7F40397B427D}.Debug|Any CPU.ActiveCfg = Debug|Any CPU
		{019DB6C3-22E4-4595-9BF3-7F40397B427D}.Debug|Any CPU.Build.0 = Debug|Any CPU
		{019DB6C3-22E4-4595-9BF3-7F40397B427D}.Release|Any CPU.ActiveCfg = Release|Any CPU
		{019DB6C3-22E4-4595-9BF3-7F40397B427D}.Release|Any CPU.Build.0 = Release|Any CPU
		{075817F0-6776-46E6-BF92-C5D0D5E16756}.Debug|Any CPU.ActiveCfg = Debug|Any CPU
		{075817F0-6776-46E6-BF92-C5D0D5E16756}.Debug|Any CPU.Build.0 = Debug|Any CPU
		{075817F0-6776-46E6-BF92-C5D0D5E16756}.Release|Any CPU.ActiveCfg = Release|Any CPU
		{075817F0-6776-46E6-BF92-C5D0D5E16756}.Release|Any CPU.Build.0 = Release|Any CPU
		{0D1DAC7B-2DEF-439B-9FF0-2E6011F66193}.Debug|Any CPU.ActiveCfg = Debug|Any CPU
		{0D1DAC7B-2DEF-439B-9FF0-2E6011F66193}.Debug|Any CPU.Build.0 = Debug|Any CPU
		{0D1DAC7B-2DEF-439B-9FF0-2E6011F66193}.Release|Any CPU.ActiveCfg = Release|Any CPU
		{0D1DAC7B-2DEF-439B-9FF0-2E6011F66193}.Release|Any CPU.Build.0 = Release|Any CPU
		{37A024ED-20F4-48B1-8437-7EB7E362333F}.Debug|Any CPU.ActiveCfg = Debug|Any CPU
		{37A024ED-20F4-48B1-8437-7EB7E362333F}.Debug|Any CPU.Build.0 = Debug|Any CPU
		{37A024ED-20F4-48B1-8437-7EB7E362333F}.Release|Any CPU.ActiveCfg = Release|Any CPU
		{37A024ED-20F4-48B1-8437-7EB7E362333F}.Release|Any CPU.Build.0 = Release|Any CPU
		{39AD919F-8AC7-4FE3-8B15-534D42018C7B}.Debug|Any CPU.ActiveCfg = Debug|Any CPU
		{39AD919F-8AC7-4FE3-8B15-534D42018C7B}.Debug|Any CPU.Build.0 = Debug|Any CPU
		{39AD919F-8AC7-4FE3-8B15-534D42018C7B}.Release|Any CPU.ActiveCfg = Release|Any CPU
		{39AD919F-8AC7-4FE3-8B15-534D42018C7B}.Release|Any CPU.Build.0 = Release|Any CPU
		{59EF58E7-7624-4E21-AAF6-C6FE10C6BA2D}.Debug|Any CPU.ActiveCfg = Debug|Any CPU
		{59EF58E7-7624-4E21-AAF6-C6FE10C6BA2D}.Debug|Any CPU.Build.0 = Debug|Any CPU
		{59EF58E7-7624-4E21-AAF6-C6FE10C6BA2D}.Release|Any CPU.ActiveCfg = Release|Any CPU
		{59EF58E7-7624-4E21-AAF6-C6FE10C6BA2D}.Release|Any CPU.Build.0 = Release|Any CPU
		{8F4198AC-173B-4371-B547-EF1E0B6C9C79}.Debug|Any CPU.ActiveCfg = Debug|Any CPU
		{8F4198AC-173B-4371-B547-EF1E0B6C9C79}.Debug|Any CPU.Build.0 = Debug|Any CPU
		{8F4198AC-173B-4371-B547-EF1E0B6C9C79}.Release|Any CPU.ActiveCfg = Release|Any CPU
		{8F4198AC-173B-4371-B547-EF1E0B6C9C79}.Release|Any CPU.Build.0 = Release|Any CPU
		{9CFB5FE8-EE1B-4AD0-88D7-31F012FD78E3}.Debug|Any CPU.ActiveCfg = Debug|Any CPU
		{9CFB5FE8-EE1B-4AD0-88D7-31F012FD78E3}.Debug|Any CPU.Build.0 = Debug|Any CPU
		{9CFB5FE8-EE1B-4AD0-88D7-31F012FD78E3}.Release|Any CPU.ActiveCfg = Release|Any CPU
		{9CFB5FE8-EE1B-4AD0-88D7-31F012FD78E3}.Release|Any CPU.Build.0 = Release|Any CPU
		{CDC75069-5EB1-4B99-9147-4541A8066131}.Debug|Any CPU.ActiveCfg = Debug|Any CPU
		{CDC75069-5EB1-4B99-9147-4541A8066131}.Debug|Any CPU.Build.0 = Debug|Any CPU
		{CDC75069-5EB1-4B99-9147-4541A8066131}.Release|Any CPU.ActiveCfg = Release|Any CPU
		{CDC75069-5EB1-4B99-9147-4541A8066131}.Release|Any CPU.Build.0 = Release|Any CPU
		{DF4033F9-6BC0-49FE-B6B3-EAE498F4624F}.Debug|Any CPU.ActiveCfg = Debug|Any CPU
		{DF4033F9-6BC0-49FE-B6B3-EAE498F4624F}.Debug|Any CPU.Build.0 = Debug|Any CPU
		{DF4033F9-6BC0-49FE-B6B3-EAE498F4624F}.Release|Any CPU.ActiveCfg = Release|Any CPU
		{DF4033F9-6BC0-49FE-B6B3-EAE498F4624F}.Release|Any CPU.Build.0 = Release|Any CPU
		{F91E4B02-352C-41F2-AAFF-E3B956EB8805}.Debug|Any CPU.ActiveCfg = Debug|Any CPU
		{F91E4B02-352C-41F2-AAFF-E3B956EB8805}.Debug|Any CPU.Build.0 = Debug|Any CPU
		{F91E4B02-352C-41F2-AAFF-E3B956EB8805}.Release|Any CPU.ActiveCfg = Release|Any CPU
		{F91E4B02-352C-41F2-AAFF-E3B956EB8805}.Release|Any CPU.Build.0 = Release|Any CPU
	EndGlobalSection
EndGlobal
